
Microsoft Visual Studio Solution File, Format Version 12.00
# Visual Studio Version 16
VisualStudioVersion = 16.0.31019.35
MinimumVisualStudioVersion = 10.0.40219.1
Project("{FAE04EC0-301F-11D3-BF4B-00C04F79EFBC}") = "VoxExporter", "VoxExporter.csproj", "{C9A07862-8457-4CF1-AFF8-E8256EF3DDCF}"
EndProject
Global
	GlobalSection(SolutionConfigurationPlatforms) = preSolution
		Debug|Any CPU = Debug|Any CPU
		Release|Any CPU = Release|Any CPU
	EndGlobalSection
	GlobalSection(ProjectConfigurationPlatforms) = postSolution
		{C9A07862-8457-4CF1-AFF8-E8256EF3DDCF}.Debug|Any CPU.ActiveCfg = Debug|Any CPU
		{C9A07862-8457-4CF1-AFF8-E8256EF3DDCF}.Debug|Any CPU.Build.0 = Debug|Any CPU
		{C9A07862-8457-4CF1-AFF8-E8256EF3DDCF}.Release|Any CPU.ActiveCfg = Release|Any CPU
		{C9A07862-8457-4CF1-AFF8-E8256EF3DDCF}.Release|Any CPU.Build.0 = Release|Any CPU
	EndGlobalSection
	GlobalSection(SolutionProperties) = preSolution
		HideSolutionNode = FALSE
	EndGlobalSection
	GlobalSection(ExtensibilityGlobals) = postSolution
		SolutionGuid = {667FC44E-B084-4112-BC1F-9B1D942FA039}
	EndGlobalSection
EndGlobal
